
Microsoft Visual Studio Solution File, Format Version 11.00
# Visual Studio 2010
Project("{FAE04EC0-301F-11D3-BF4B-00C04F79EFBC}") = "voxeldev", "Assembly-CSharp-firstpass.csproj", "{901955FE-31B5-8D06-A0E4-FF2EF386FE56}"
EndProject
Project("{FAE04EC0-301F-11D3-BF4B-00C04F79EFBC}") = "voxeldev", "Assembly-CSharp.csproj", "{63343164-E375-39B8-00AB-354AAB896EE8}"
EndProject
Project("{FAE04EC0-301F-11D3-BF4B-00C04F79EFBC}") = "voxeldev", "Assembly-CSharp-Editor-firstpass.csproj", "{97A715F8-D7A1-AAE0-38CB-E57A74EE5396}"
EndProject
Global
	GlobalSection(SolutionConfigurationPlatforms) = preSolution
		Debug|Any CPU = Debug|Any CPU
		Release|Any CPU = Release|Any CPU
	EndGlobalSection
	GlobalSection(ProjectConfigurationPlatforms) = postSolution
		{901955FE-31B5-8D06-A0E4-FF2EF386FE56}.Debug|Any CPU.ActiveCfg = Debug|Any CPU
		{901955FE-31B5-8D06-A0E4-FF2EF386FE56}.Debug|Any CPU.Build.0 = Debug|Any CPU
		{901955FE-31B5-8D06-A0E4-FF2EF386FE56}.Release|Any CPU.ActiveCfg = Release|Any CPU
		{901955FE-31B5-8D06-A0E4-FF2EF386FE56}.Release|Any CPU.Build.0 = Release|Any CPU
		{63343164-E375-39B8-00AB-354AAB896EE8}.Debug|Any CPU.ActiveCfg = Debug|Any CPU
		{63343164-E375-39B8-00AB-354AAB896EE8}.Debug|Any CPU.Build.0 = Debug|Any CPU
		{63343164-E375-39B8-00AB-354AAB896EE8}.Release|Any CPU.ActiveCfg = Release|Any CPU
		{63343164-E375-39B8-00AB-354AAB896EE8}.Release|Any CPU.Build.0 = Release|Any CPU
		{97A715F8-D7A1-AAE0-38CB-E57A74EE5396}.Debug|Any CPU.ActiveCfg = Debug|Any CPU
		{97A715F8-D7A1-AAE0-38CB-E57A74EE5396}.Debug|Any CPU.Build.0 = Debug|Any CPU
		{97A715F8-D7A1-AAE0-38CB-E57A74EE5396}.Release|Any CPU.ActiveCfg = Release|Any CPU
		{97A715F8-D7A1-AAE0-38CB-E57A74EE5396}.Release|Any CPU.Build.0 = Release|Any CPU
	EndGlobalSection
	GlobalSection(SolutionProperties) = preSolution
		HideSolutionNode = FALSE
	EndGlobalSection
	GlobalSection(MonoDevelopProperties) = preSolution
		StartupItem = Assembly-CSharp.csproj
	EndGlobalSection
EndGlobal
